// !$*UTF8*$!
{
	archiveVersion = 1;
	classes = {
	};
	objectVersion = 50;
	objects = {

/* Begin PBXBuildFile section */
		5AC8DB9C258278FD00C998DF /* BookwormApp.swift in Sources */ = {isa = PBXBuildFile; fileRef = 5AC8DB9B258278FD00C998DF /* BookwormApp.swift */; };
		5AC8DB9E258278FD00C998DF /* ContentView.swift in Sources */ = {isa = PBXBuildFile; fileRef = 5AC8DB9D258278FD00C998DF /* ContentView.swift */; };
		5AC8DBA0258278FF00C998DF /* Assets.xcassets in Resources */ = {isa = PBXBuildFile; fileRef = 5AC8DB9F258278FF00C998DF /* Assets.xcassets */; };
		5AC8DBA3258278FF00C998DF /* Preview Assets.xcassets in Resources */ = {isa = PBXBuildFile; fileRef = 5AC8DBA2258278FF00C998DF /* Preview Assets.xcassets */; };
		5AC8DBA5258278FF00C998DF /* Persistence.swift in Sources */ = {isa = PBXBuildFile; fileRef = 5AC8DBA4258278FF00C998DF /* Persistence.swift */; };
		5AC8DBA8258278FF00C998DF /* Bookworm.xcdatamodeld in Sources */ = {isa = PBXBuildFile; fileRef = 5AC8DBA6258278FF00C998DF /* Bookworm.xcdatamodeld */; };
		5AFAC59725852D8E002A542F /* AddBookView.swift in Sources */ = {isa = PBXBuildFile; fileRef = 5AFAC59625852D8E002A542F /* AddBookView.swift */; };
		5AFAC59B25853272002A542F /* RatingView.swift in Sources */ = {isa = PBXBuildFile; fileRef = 5AFAC59A25853272002A542F /* RatingView.swift */; };
		5AFAC59F258534F6002A542F /* EmojiRatingView.swift in Sources */ = {isa = PBXBuildFile; fileRef = 5AFAC59E258534F6002A542F /* EmojiRatingView.swift */; };
		5AFAC5A3258536B3002A542F /* DetailView.swift in Sources */ = {isa = PBXBuildFile; fileRef = 5AFAC5A2258536B3002A542F /* DetailView.swift */; };
/* End PBXBuildFile section */

/* Begin PBXFileReference section */
		5AC8DB98258278FD00C998DF /* Bookworm.app */ = {isa = PBXFileReference; explicitFileType = wrapper.application; includeInIndex = 0; path = Bookworm.app; sourceTree = BUILT_PRODUCTS_DIR; };
		5AC8DB9B258278FD00C998DF /* BookwormApp.swift */ = {isa = PBXFileReference; lastKnownFileType = sourcecode.swift; path = BookwormApp.swift; sourceTree = "<group>"; };
		5AC8DB9D258278FD00C998DF /* ContentView.swift */ = {isa = PBXFileReference; lastKnownFileType = sourcecode.swift; path = ContentView.swift; sourceTree = "<group>"; };
		5AC8DB9F258278FF00C998DF /* Assets.xcassets */ = {isa = PBXFileReference; lastKnownFileType = folder.assetcatalog; path = Assets.xcassets; sourceTree = "<group>"; };
		5AC8DBA2258278FF00C998DF /* Preview Assets.xcassets */ = {isa = PBXFileReference; lastKnownFileType = folder.assetcatalog; path = "Preview Assets.xcassets"; sourceTree = "<group>"; };
		5AC8DBA4258278FF00C998DF /* Persistence.swift */ = {isa = PBXFileReference; lastKnownFileType = sourcecode.swift; path = Persistence.swift; sourceTree = "<group>"; };
		5AC8DBA7258278FF00C998DF /* Bookworm.xcdatamodel */ = {isa = PBXFileReference; lastKnownFileType = wrapper.xcdatamodel; path = Bookworm.xcdatamodel; sourceTree = "<group>"; };
		5AC8DBA9258278FF00C998DF /* Info.plist */ = {isa = PBXFileReference; lastKnownFileType = text.plist.xml; path = Info.plist; sourceTree = "<group>"; };
		5AFAC59625852D8E002A542F /* AddBookView.swift */ = {isa = PBXFileReference; lastKnownFileType = sourcecode.swift; path = AddBookView.swift; sourceTree = "<group>"; };
		5AFAC59A25853272002A542F /* RatingView.swift */ = {isa = PBXFileReference; lastKnownFileType = sourcecode.swift; path = RatingView.swift; sourceTree = "<group>"; };
		5AFAC59E258534F6002A542F /* EmojiRatingView.swift */ = {isa = PBXFileReference; lastKnownFileType = sourcecode.swift; path = EmojiRatingView.swift; sourceTree = "<group>"; };
		5AFAC5A2258536B3002A542F /* DetailView.swift */ = {isa = PBXFileReference; lastKnownFileType = sourcecode.swift; path = DetailView.swift; sourceTree = "<group>"; };
/* End PBXFileReference section */

/* Begin PBXFrameworksBuildPhase section */
		5AC8DB95258278FD00C998DF /* Frameworks */ = {
			isa = PBXFrameworksBuildPhase;
			buildActionMask = 2147483647;
			files = (
			);
			runOnlyForDeploymentPostprocessing = 0;
		};
/* End PBXFrameworksBuildPhase section */

/* Begin PBXGroup section */
		5AC8DB8F258278FD00C998DF = {
			isa = PBXGroup;
			children = (
				5AC8DB9A258278FD00C998DF /* Bookworm */,
				5AC8DB99258278FD00C998DF /* Products */,
			);
			sourceTree = "<group>";
		};
		5AC8DB99258278FD00C998DF /* Products */ = {
			isa = PBXGroup;
			children = (
				5AC8DB98258278FD00C998DF /* Bookworm.app */,
			);
			name = Products;
			sourceTree = "<group>";
		};
		5AC8DB9A258278FD00C998DF /* Bookworm */ = {
			isa = PBXGroup;
			children = (
				5AC8DB9B258278FD00C998DF /* BookwormApp.swift */,
				5AC8DB9D258278FD00C998DF /* ContentView.swift */,
				5AFAC59625852D8E002A542F /* AddBookView.swift */,
				5AFAC5A2258536B3002A542F /* DetailView.swift */,
				5AFAC59A25853272002A542F /* RatingView.swift */,
				5AFAC59E258534F6002A542F /* EmojiRatingView.swift */,
				5AC8DB9F258278FF00C998DF /* Assets.xcassets */,
				5AC8DBA4258278FF00C998DF /* Persistence.swift */,
				5AC8DBA9258278FF00C998DF /* Info.plist */,
				5AC8DBA6258278FF00C998DF /* Bookworm.xcdatamodeld */,
				5AC8DBA1258278FF00C998DF /* Preview Content */,
			);
			path = Bookworm;
			sourceTree = "<group>";
		};
		5AC8DBA1258278FF00C998DF /* Preview Content */ = {
			isa = PBXGroup;
			children = (
				5AC8DBA2258278FF00C998DF /* Preview Assets.xcassets */,
			);
			path = "Preview Content";
			sourceTree = "<group>";
		};
/* End PBXGroup section */

/* Begin PBXNativeTarget section */
		5AC8DB97258278FD00C998DF /* Bookworm */ = {
			isa = PBXNativeTarget;
			buildConfigurationList = 5AC8DBAC258278FF00C998DF /* Build configuration list for PBXNativeTarget "Bookworm" */;
			buildPhases = (
				5AC8DB94258278FD00C998DF /* Sources */,
				5AC8DB95258278FD00C998DF /* Frameworks */,
				5AC8DB96258278FD00C998DF /* Resources */,
			);
			buildRules = (
			);
			dependencies = (
			);
			name = Bookworm;
			productName = Bookworm;
			productReference = 5AC8DB98258278FD00C998DF /* Bookworm.app */;
			productType = "com.apple.product-type.application";
		};
/* End PBXNativeTarget section */

/* Begin PBXProject section */
		5AC8DB90258278FD00C998DF /* Project object */ = {
			isa = PBXProject;
			attributes = {
				LastSwiftUpdateCheck = 1220;
				LastUpgradeCheck = 1220;
				TargetAttributes = {
					5AC8DB97258278FD00C998DF = {
						CreatedOnToolsVersion = 12.2;
					};
				};
			};
			buildConfigurationList = 5AC8DB93258278FD00C998DF /* Build configuration list for PBXProject "Bookworm" */;
			compatibilityVersion = "Xcode 9.3";
			developmentRegion = en;
			hasScannedForEncodings = 0;
			knownRegions = (
				en,
				Base,
			);
			mainGroup = 5AC8DB8F258278FD00C998DF;
			productRefGroup = 5AC8DB99258278FD00C998DF /* Products */;
			projectDirPath = "";
			projectRoot = "";
			targets = (
				5AC8DB97258278FD00C998DF /* Bookworm */,
			);
		};
/* End PBXProject section */

/* Begin PBXResourcesBuildPhase section */
		5AC8DB96258278FD00C998DF /* Resources */ = {
			isa = PBXResourcesBuildPhase;
			buildActionMask = 2147483647;
			files = (
				5AC8DBA3258278FF00C998DF /* Preview Assets.xcassets in Resources */,
				5AC8DBA0258278FF00C998DF /* Assets.xcassets in Resources */,
			);
			runOnlyForDeploymentPostprocessing = 0;
		};
/* End PBXResourcesBuildPhase section */

/* Begin PBXSourcesBuildPhase section */
		5AC8DB94258278FD00C998DF /* Sources */ = {
			isa = PBXSourcesBuildPhase;
			buildActionMask = 2147483647;
			files = (
				5AC8DBA5258278FF00C998DF /* Persistence.swift in Sources */,
				5AFAC5A3258536B3002A542F /* DetailView.swift in Sources */,
				5AC8DBA8258278FF00C998DF /* Bookworm.xcdatamodeld in Sources */,
				5AFAC59F258534F6002A542F /* EmojiRatingView.swift in Sources */,
				5AC8DB9E258278FD00C998DF /* ContentView.swift in Sources */,
				5AFAC59B25853272002A542F /* RatingView.swift in Sources */,
				5AC8DB9C258278FD00C998DF /* BookwormApp.swift in Sources */,
				5AFAC59725852D8E002A542F /* AddBookView.swift in Sources */,
			);
			runOnlyForDeploymentPostprocessing = 0;
		};
/* End PBXSourcesBuildPhase section */

/* Begin XCBuildConfiguration section */
		5AC8DBAA258278FF00C998DF /* Debug */ = {
			isa = XCBuildConfiguration;
			buildSettings = {
				ALWAYS_SEARCH_USER_PATHS = NO;
				CLANG_ANALYZER_NONNULL = YES;
				CLANG_ANALYZER_NUMBER_OBJECT_CONVERSION = YES_AGGRESSIVE;
				CLANG_CXX_LANGUAGE_STANDARD = "gnu++14";
				CLANG_CXX_LIBRARY = "libc++";
				CLANG_ENABLE_MODULES = YES;
				CLANG_ENABLE_OBJC_ARC = YES;
				CLANG_ENABLE_OBJC_WEAK = YES;
				CLANG_WARN_BLOCK_CAPTURE_AUTORELEASING = YES;
				CLANG_WARN_BOOL_CONVERSION = YES;
				CLANG_WARN_COMMA = YES;
				CLANG_WARN_CONSTANT_CONVERSION = YES;
				CLANG_WARN_DEPRECATED_OBJC_IMPLEMENTATIONS = YES;
				CLANG_WARN_DIRECT_OBJC_ISA_USAGE = YES_ERROR;
				CLANG_WARN_DOCUMENTATION_COMMENTS = YES;
				CLANG_WARN_EMPTY_BODY = YES;
				CLANG_WARN_ENUM_CONVERSION = YES;
				CLANG_WARN_INFINITE_RECURSION = YES;
				CLANG_WARN_INT_CONVERSION = YES;
				CLANG_WARN_NON_LITERAL_NULL_CONVERSION = YES;
				CLANG_WARN_OBJC_IMPLICIT_RETAIN_SELF = YES;
				CLANG_WARN_OBJC_LITERAL_CONVERSION = YES;
				CLANG_WARN_OBJC_ROOT_CLASS = YES_ERROR;
				CLANG_WARN_QUOTED_INCLUDE_IN_FRAMEWORK_HEADER = YES;
				CLANG_WARN_RANGE_LOOP_ANALYSIS = YES;
				CLANG_WARN_STRICT_PROTOTYPES = YES;
				CLANG_WARN_SUSPICIOUS_MOVE = YES;
				CLANG_WARN_UNGUARDED_AVAILABILITY = YES_AGGRESSIVE;
				CLANG_WARN_UNREACHABLE_CODE = YES;
				CLANG_WARN__DUPLICATE_METHOD_MATCH = YES;
				COPY_PHASE_STRIP = NO;
				DEBUG_INFORMATION_FORMAT = dwarf;
				ENABLE_STRICT_OBJC_MSGSEND = YES;
				ENABLE_TESTABILITY = YES;
				GCC_C_LANGUAGE_STANDARD = gnu11;
				GCC_DYNAMIC_NO_PIC = NO;
				GCC_NO_COMMON_BLOCKS = YES;
				GCC_OPTIMIZATION_LEVEL = 0;
				GCC_PREPROCESSOR_DEFINITIONS = (
					"DEBUG=1",
					"$(inherited)",
				);
				GCC_WARN_64_TO_32_BIT_CONVERSION = YES;
				GCC_WARN_ABOUT_RETURN_TYPE = YES_ERROR;
				GCC_WARN_UNDECLARED_SELECTOR = YES;
				GCC_WARN_UNINITIALIZED_AUTOS = YES_AGGRESSIVE;
				GCC_WARN_UNUSED_FUNCTION = YES;
				GCC_WARN_UNUSED_VARIABLE = YES;
				IPHONEOS_DEPLOYMENT_TARGET = 14.2;
				MTL_ENABLE_DEBUG_INFO = INCLUDE_SOURCE;
				MTL_FAST_MATH = YES;
				ONLY_ACTIVE_ARCH = YES;
				SDKROOT = iphoneos;
				SWIFT_ACTIVE_COMPILATION_CONDITIONS = DEBUG;
				SWIFT_OPTIMIZATION_LEVEL = "-Onone";
			};
			name = Debug;
		};
		5AC8DBAB258278FF00C998DF /* Release */ = {
			isa = XCBuildConfiguration;
			buildSettings = {
				ALWAYS_SEARCH_USER_PATHS = NO;
				CLANG_ANALYZER_NONNULL = YES;
				CLANG_ANALYZER_NUMBER_OBJECT_CONVERSION = YES_AGGRESSIVE;
				CLANG_CXX_LANGUAGE_STANDARD = "gnu++14";
				CLANG_CXX_LIBRARY = "libc++";
				CLANG_ENABLE_MODULES = YES;
				CLANG_ENABLE_OBJC_ARC = YES;
				CLANG_ENABLE_OBJC_WEAK = YES;
				CLANG_WARN_BLOCK_CAPTURE_AUTORELEASING = YES;
				CLANG_WARN_BOOL_CONVERSION = YES;
				CLANG_WARN_COMMA = YES;
				CLANG_WARN_CONSTANT_CONVERSION = YES;
				CLANG_WARN_DEPRECATED_OBJC_IMPLEMENTATIONS = YES;
				CLANG_WARN_DIRECT_OBJC_ISA_USAGE = YES_ERROR;
				CLANG_WARN_DOCUMENTATION_COMMENTS = YES;
				CLANG_WARN_EMPTY_BODY = YES;
				CLANG_WARN_ENUM_CONVERSION = YES;
				CLANG_WARN_INFINITE_RECURSION = YES;
				CLANG_WARN_INT_CONVERSION = YES;
				CLANG_WARN_NON_LITERAL_NULL_CONVERSION = YES;
				CLANG_WARN_OBJC_IMPLICIT_RETAIN_SELF = YES;
				CLANG_WARN_OBJC_LITERAL_CONVERSION = YES;
				CLANG_WARN_OBJC_ROOT_CLASS = YES_ERROR;
				CLANG_WARN_QUOTED_INCLUDE_IN_FRAMEWORK_HEADER = YES;
				CLANG_WARN_RANGE_LOOP_ANALYSIS = YES;
				CLANG_WARN_STRICT_PROTOTYPES = YES;
				CLANG_WARN_SUSPICIOUS_MOVE = YES;
				CLANG_WARN_UNGUARDED_AVAILABILITY = YES_AGGRESSIVE;
				CLANG_WARN_UNREACHABLE_CODE = YES;
				CLANG_WARN__DUPLICATE_METHOD_MATCH = YES;
				COPY_PHASE_STRIP = NO;
				DEBUG_INFORMATION_FORMAT = "dwarf-with-dsym";
				ENABLE_NS_ASSERTIONS = NO;
				ENABLE_STRICT_OBJC_MSGSEND = YES;
				GCC_C_LANGUAGE_STANDARD = gnu11;
				GCC_NO_COMMON_BLOCKS = YES;
				GCC_WARN_64_TO_32_BIT_CONVERSION = YES;
				GCC_WARN_ABOUT_RETURN_TYPE = YES_ERROR;
				GCC_WARN_UNDECLARED_SELECTOR = YES;
				GCC_WARN_UNINITIALIZED_AUTOS = YES_AGGRESSIVE;
				GCC_WARN_UNUSED_FUNCTION = YES;
				GCC_WARN_UNUSED_VARIABLE = YES;
				IPHONEOS_DEPLOYMENT_TARGET = 14.2;
				MTL_ENABLE_DEBUG_INFO = NO;
				MTL_FAST_MATH = YES;
				SDKROOT = iphoneos;
				SWIFT_COMPILATION_MODE = wholemodule;
				SWIFT_OPTIMIZATION_LEVEL = "-O";
				VALIDATE_PRODUCT = YES;
			};
			name = Release;
		};
		5AC8DBAD258278FF00C998DF /* Debug */ = {
			isa = XCBuildConfiguration;
			buildSettings = {
				ASSETCATALOG_COMPILER_APPICON_NAME = AppIcon;
				ASSETCATALOG_COMPILER_GLOBAL_ACCENT_COLOR_NAME = AccentColor;
				CODE_SIGN_STYLE = Automatic;
				DEVELOPMENT_ASSET_PATHS = "\"Bookworm/Preview Content\"";
				DEVELOPMENT_TEAM = Y5384D634K;
				ENABLE_PREVIEWS = YES;
				INFOPLIST_FILE = Bookworm/Info.plist;
				IPHONEOS_DEPLOYMENT_TARGET = 14.0;
				LD_RUNPATH_SEARCH_PATHS = (
					"$(inherited)",
					"@executable_path/Frameworks",
				);
				PRODUCT_BUNDLE_IDENTIFIER = kuroski.Bookworm;
				PRODUCT_NAME = "$(TARGET_NAME)";
				SWIFT_VERSION = 5.0;
				TARGETED_DEVICE_FAMILY = "1,2";
			};
			name = Debug;
		};
		5AC8DBAE258278FF00C998DF /* Release */ = {
			isa = XCBuildConfiguration;
			buildSettings = {
				ASSETCATALOG_COMPILER_APPICON_NAME = AppIcon;
				ASSETCATALOG_COMPILER_GLOBAL_ACCENT_COLOR_NAME = AccentColor;
				CODE_SIGN_STYLE = Automatic;
				DEVELOPMENT_ASSET_PATHS = "\"Bookworm/Preview Content\"";
				DEVELOPMENT_TEAM = Y5384D634K;
				ENABLE_PREVIEWS = YES;
				INFOPLIST_FILE = Bookworm/Info.plist;
				IPHONEOS_DEPLOYMENT_TARGET = 14.0;
				LD_RUNPATH_SEARCH_PATHS = (
					"$(inherited)",
					"@executable_path/Frameworks",
				);
				PRODUCT_BUNDLE_IDENTIFIER = kuroski.Bookworm;
				PRODUCT_NAME = "$(TARGET_NAME)";
				SWIFT_VERSION = 5.0;
				TARGETED_DEVICE_FAMILY = "1,2";
			};
			name = Release;
		};
/* End XCBuildConfiguration section */

/* Begin XCConfigurationList section */
		5AC8DB93258278FD00C998DF /* Build configuration list for PBXProject "Bookworm" */ = {
			isa = XCConfigurationList;
			buildConfigurations = (
				5AC8DBAA258278FF00C998DF /* Debug */,
				5AC8DBAB258278FF00C998DF /* Release */,
			);
			defaultConfigurationIsVisible = 0;
			defaultConfigurationName = Release;
		};
		5AC8DBAC258278FF00C998DF /* Build configuration list for PBXNativeTarget "Bookworm" */ = {
			isa = XCConfigurationList;
			buildConfigurations = (
				5AC8DBAD258278FF00C998DF /* Debug */,
				5AC8DBAE258278FF00C998DF /* Release */,
			);
			defaultConfigurationIsVisible = 0;
			defaultConfigurationName = Release;
		};
/* End XCConfigurationList section */

/* Begin XCVersionGroup section */
		5AC8DBA6258278FF00C998DF /* Bookworm.xcdatamodeld */ = {
			isa = XCVersionGroup;
			children = (
				5AC8DBA7258278FF00C998DF /* Bookworm.xcdatamodel */,
			);
			currentVersion = 5AC8DBA7258278FF00C998DF /* Bookworm.xcdatamodel */;
			path = Bookworm.xcdatamodeld;
			sourceTree = "<group>";
			versionGroupType = wrapper.xcdatamodel;
		};
/* End XCVersionGroup section */
	};
	rootObject = 5AC8DB90258278FD00C998DF /* Project object */;
}
